// !$*UTF8*$!
{
	archiveVersion = 1;
	classes = {
	};
	objectVersion = 56;
	objects = {

/* Begin PBXBuildFile section */
		889A144E292E781000725B82 /* ShaBugApp.swift in Sources */ = {isa = PBXBuildFile; fileRef = 889A144D292E781000725B82 /* ShaBugApp.swift */; };
		889A1450292E781000725B82 /* ContentView.swift in Sources */ = {isa = PBXBuildFile; fileRef = 889A144F292E781000725B82 /* ContentView.swift */; };
		889A1452292E781100725B82 /* Assets.xcassets in Resources */ = {isa = PBXBuildFile; fileRef = 889A1451292E781100725B82 /* Assets.xcassets */; };
		889A1455292E781100725B82 /* Preview Assets.xcassets in Resources */ = {isa = PBXBuildFile; fileRef = 889A1454292E781100725B82 /* Preview Assets.xcassets */; };
		889A145D292E788B00725B82 /* ProfileView.swift in Sources */ = {isa = PBXBuildFile; fileRef = 889A145C292E788B00725B82 /* ProfileView.swift */; };
		889A145F292E799500725B82 /* CameraView.swift in Sources */ = {isa = PBXBuildFile; fileRef = 889A145E292E799500725B82 /* CameraView.swift */; };
		889A1462292E7ABB00725B82 /* DataModel.swift in Sources */ = {isa = PBXBuildFile; fileRef = 889A1461292E7ABB00725B82 /* DataModel.swift */; };
		889A1464292E7BED00725B82 /* CameraModel.swift in Sources */ = {isa = PBXBuildFile; fileRef = 889A1463292E7BED00725B82 /* CameraModel.swift */; };
		889A1466292E7CBB00725B82 /* CameraPreviewView.swift in Sources */ = {isa = PBXBuildFile; fileRef = 889A1465292E7CBB00725B82 /* CameraPreviewView.swift */; };
		889A1468292EB86300725B82 /* Insect Classifier 1.mlmodel in Sources */ = {isa = PBXBuildFile; fileRef = 889A1467292EB86300725B82 /* Insect Classifier 1.mlmodel */; };
		889A146A292F5F4F00725B82 /* ClassificationView.swift in Sources */ = {isa = PBXBuildFile; fileRef = 889A1469292F5F4F00725B82 /* ClassificationView.swift */; };
/* End PBXBuildFile section */

/* Begin PBXFileReference section */
		889A144A292E781000725B82 /* ShaBug.app */ = {isa = PBXFileReference; explicitFileType = wrapper.application; includeInIndex = 0; path = ShaBug.app; sourceTree = BUILT_PRODUCTS_DIR; };
		889A144D292E781000725B82 /* ShaBugApp.swift */ = {isa = PBXFileReference; lastKnownFileType = sourcecode.swift; path = ShaBugApp.swift; sourceTree = "<group>"; };
		889A144F292E781000725B82 /* ContentView.swift */ = {isa = PBXFileReference; lastKnownFileType = sourcecode.swift; path = ContentView.swift; sourceTree = "<group>"; };
		889A1451292E781100725B82 /* Assets.xcassets */ = {isa = PBXFileReference; lastKnownFileType = folder.assetcatalog; path = Assets.xcassets; sourceTree = "<group>"; };
		889A1454292E781100725B82 /* Preview Assets.xcassets */ = {isa = PBXFileReference; lastKnownFileType = folder.assetcatalog; path = "Preview Assets.xcassets"; sourceTree = "<group>"; };
		889A145C292E788B00725B82 /* ProfileView.swift */ = {isa = PBXFileReference; lastKnownFileType = sourcecode.swift; path = ProfileView.swift; sourceTree = "<group>"; };
		889A145E292E799500725B82 /* CameraView.swift */ = {isa = PBXFileReference; lastKnownFileType = sourcecode.swift; path = CameraView.swift; sourceTree = "<group>"; };
		889A1461292E7ABB00725B82 /* DataModel.swift */ = {isa = PBXFileReference; lastKnownFileType = sourcecode.swift; path = DataModel.swift; sourceTree = "<group>"; };
		889A1463292E7BED00725B82 /* CameraModel.swift */ = {isa = PBXFileReference; lastKnownFileType = sourcecode.swift; path = CameraModel.swift; sourceTree = "<group>"; };
		889A1465292E7CBB00725B82 /* CameraPreviewView.swift */ = {isa = PBXFileReference; lastKnownFileType = sourcecode.swift; path = CameraPreviewView.swift; sourceTree = "<group>"; };
		889A1467292EB86300725B82 /* Insect Classifier 1.mlmodel */ = {isa = PBXFileReference; lastKnownFileType = file.mlmodel; path = "Insect Classifier 1.mlmodel"; sourceTree = "<group>"; };
		889A1469292F5F4F00725B82 /* ClassificationView.swift */ = {isa = PBXFileReference; lastKnownFileType = sourcecode.swift; path = ClassificationView.swift; sourceTree = "<group>"; };
/* End PBXFileReference section */

/* Begin PBXFrameworksBuildPhase section */
		889A1447292E781000725B82 /* Frameworks */ = {
			isa = PBXFrameworksBuildPhase;
			buildActionMask = 2147483647;
			files = (
			);
			runOnlyForDeploymentPostprocessing = 0;
		};
/* End PBXFrameworksBuildPhase section */

/* Begin PBXGroup section */
		889A1441292E781000725B82 = {
			isa = PBXGroup;
			children = (
				889A144C292E781000725B82 /* ShaBug */,
				889A144B292E781000725B82 /* Products */,
			);
			sourceTree = "<group>";
		};
		889A144B292E781000725B82 /* Products */ = {
			isa = PBXGroup;
			children = (
				889A144A292E781000725B82 /* ShaBug.app */,
			);
			name = Products;
			sourceTree = "<group>";
		};
		889A144C292E781000725B82 /* ShaBug */ = {
			isa = PBXGroup;
			children = (
				889A144D292E781000725B82 /* ShaBugApp.swift */,
				889A145B292E787B00725B82 /* Views */,
				889A1460292E7AA900725B82 /* Models */,
				889A1451292E781100725B82 /* Assets.xcassets */,
				889A1453292E781100725B82 /* Preview Content */,
			);
			path = ShaBug;
			sourceTree = "<group>";
		};
		889A1453292E781100725B82 /* Preview Content */ = {
			isa = PBXGroup;
			children = (
				889A1454292E781100725B82 /* Preview Assets.xcassets */,
			);
			path = "Preview Content";
			sourceTree = "<group>";
		};
		889A145B292E787B00725B82 /* Views */ = {
			isa = PBXGroup;
			children = (
				889A144F292E781000725B82 /* ContentView.swift */,
				889A145E292E799500725B82 /* CameraView.swift */,
				889A1469292F5F4F00725B82 /* ClassificationView.swift */,
				889A1465292E7CBB00725B82 /* CameraPreviewView.swift */,
				889A145C292E788B00725B82 /* ProfileView.swift */,
			);
			path = Views;
			sourceTree = "<group>";
		};
		889A1460292E7AA900725B82 /* Models */ = {
			isa = PBXGroup;
			children = (
				889A1467292EB86300725B82 /* Insect Classifier 1.mlmodel */,
				889A1461292E7ABB00725B82 /* DataModel.swift */,
				889A1463292E7BED00725B82 /* CameraModel.swift */,
			);
			path = Models;
			sourceTree = "<group>";
		};
/* End PBXGroup section */

/* Begin PBXNativeTarget section */
		889A1449292E781000725B82 /* ShaBug */ = {
			isa = PBXNativeTarget;
			buildConfigurationList = 889A1458292E781100725B82 /* Build configuration list for PBXNativeTarget "ShaBug" */;
			buildPhases = (
				889A1446292E781000725B82 /* Sources */,
				889A1447292E781000725B82 /* Frameworks */,
				889A1448292E781000725B82 /* Resources */,
			);
			buildRules = (
			);
			dependencies = (
			);
			name = ShaBug;
			productName = ShaBug;
			productReference = 889A144A292E781000725B82 /* ShaBug.app */;
			productType = "com.apple.product-type.application";
		};
/* End PBXNativeTarget section */

/* Begin PBXProject section */
		889A1442292E781000725B82 /* Project object */ = {
			isa = PBXProject;
			attributes = {
				BuildIndependentTargetsInParallel = 1;
				LastSwiftUpdateCheck = 1410;
				LastUpgradeCheck = 1410;
				TargetAttributes = {
					889A1449292E781000725B82 = {
						CreatedOnToolsVersion = 14.1;
					};
				};
			};
			buildConfigurationList = 889A1445292E781000725B82 /* Build configuration list for PBXProject "ShaBug" */;
			compatibilityVersion = "Xcode 14.0";
			developmentRegion = en;
			hasScannedForEncodings = 0;
			knownRegions = (
				en,
				Base,
			);
			mainGroup = 889A1441292E781000725B82;
			productRefGroup = 889A144B292E781000725B82 /* Products */;
			projectDirPath = "";
			projectRoot = "";
			targets = (
				889A1449292E781000725B82 /* ShaBug */,
			);
		};
/* End PBXProject section */

/* Begin PBXResourcesBuildPhase section */
		889A1448292E781000725B82 /* Resources */ = {
			isa = PBXResourcesBuildPhase;
			buildActionMask = 2147483647;
			files = (
				889A1455292E781100725B82 /* Preview Assets.xcassets in Resources */,
				889A1452292E781100725B82 /* Assets.xcassets in Resources */,
			);
			runOnlyForDeploymentPostprocessing = 0;
		};
/* End PBXResourcesBuildPhase section */

/* Begin PBXSourcesBuildPhase section */
		889A1446292E781000725B82 /* Sources */ = {
			isa = PBXSourcesBuildPhase;
			buildActionMask = 2147483647;
			files = (
				889A1462292E7ABB00725B82 /* DataModel.swift in Sources */,
				889A1450292E781000725B82 /* ContentView.swift in Sources */,
				889A1464292E7BED00725B82 /* CameraModel.swift in Sources */,
				889A1466292E7CBB00725B82 /* CameraPreviewView.swift in Sources */,
				889A146A292F5F4F00725B82 /* ClassificationView.swift in Sources */,
				889A145D292E788B00725B82 /* ProfileView.swift in Sources */,
				889A144E292E781000725B82 /* ShaBugApp.swift in Sources */,
				889A145F292E799500725B82 /* CameraView.swift in Sources */,
				889A1468292EB86300725B82 /* Insect Classifier 1.mlmodel in Sources */,
			);
			runOnlyForDeploymentPostprocessing = 0;
		};
/* End PBXSourcesBuildPhase section */

/* Begin XCBuildConfiguration section */
		889A1456292E781100725B82 /* Debug */ = {
			isa = XCBuildConfiguration;
			buildSettings = {
				ALWAYS_SEARCH_USER_PATHS = NO;
				CLANG_ANALYZER_NONNULL = YES;
				CLANG_ANALYZER_NUMBER_OBJECT_CONVERSION = YES_AGGRESSIVE;
				CLANG_CXX_LANGUAGE_STANDARD = "gnu++20";
				CLANG_ENABLE_MODULES = YES;
				CLANG_ENABLE_OBJC_ARC = YES;
				CLANG_ENABLE_OBJC_WEAK = YES;
				CLANG_WARN_BLOCK_CAPTURE_AUTORELEASING = YES;
				CLANG_WARN_BOOL_CONVERSION = YES;
				CLANG_WARN_COMMA = YES;
				CLANG_WARN_CONSTANT_CONVERSION = YES;
				CLANG_WARN_DEPRECATED_OBJC_IMPLEMENTATIONS = YES;
				CLANG_WARN_DIRECT_OBJC_ISA_USAGE = YES_ERROR;
				CLANG_WARN_DOCUMENTATION_COMMENTS = YES;
				CLANG_WARN_EMPTY_BODY = YES;
				CLANG_WARN_ENUM_CONVERSION = YES;
				CLANG_WARN_INFINITE_RECURSION = YES;
				CLANG_WARN_INT_CONVERSION = YES;
				CLANG_WARN_NON_LITERAL_NULL_CONVERSION = YES;
				CLANG_WARN_OBJC_IMPLICIT_RETAIN_SELF = YES;
				CLANG_WARN_OBJC_LITERAL_CONVERSION = YES;
				CLANG_WARN_OBJC_ROOT_CLASS = YES_ERROR;
				CLANG_WARN_QUOTED_INCLUDE_IN_FRAMEWORK_HEADER = YES;
				CLANG_WARN_RANGE_LOOP_ANALYSIS = YES;
				CLANG_WARN_STRICT_PROTOTYPES = YES;
				CLANG_WARN_SUSPICIOUS_MOVE = YES;
				CLANG_WARN_UNGUARDED_AVAILABILITY = YES_AGGRESSIVE;
				CLANG_WARN_UNREACHABLE_CODE = YES;
				CLANG_WARN__DUPLICATE_METHOD_MATCH = YES;
				COPY_PHASE_STRIP = NO;
				DEBUG_INFORMATION_FORMAT = dwarf;
				ENABLE_STRICT_OBJC_MSGSEND = YES;
				ENABLE_TESTABILITY = YES;
				GCC_C_LANGUAGE_STANDARD = gnu11;
				GCC_DYNAMIC_NO_PIC = NO;
				GCC_NO_COMMON_BLOCKS = YES;
				GCC_OPTIMIZATION_LEVEL = 0;
				GCC_PREPROCESSOR_DEFINITIONS = (
					"DEBUG=1",
					"$(inherited)",
				);
				GCC_WARN_64_TO_32_BIT_CONVERSION = YES;
				GCC_WARN_ABOUT_RETURN_TYPE = YES_ERROR;
				GCC_WARN_UNDECLARED_SELECTOR = YES;
				GCC_WARN_UNINITIALIZED_AUTOS = YES_AGGRESSIVE;
				GCC_WARN_UNUSED_FUNCTION = YES;
				GCC_WARN_UNUSED_VARIABLE = YES;
				IPHONEOS_DEPLOYMENT_TARGET = 16.1;
				MTL_ENABLE_DEBUG_INFO = INCLUDE_SOURCE;
				MTL_FAST_MATH = YES;
				ONLY_ACTIVE_ARCH = YES;
				SDKROOT = iphoneos;
				SWIFT_ACTIVE_COMPILATION_CONDITIONS = DEBUG;
				SWIFT_OPTIMIZATION_LEVEL = "-Onone";
			};
			name = Debug;
		};
		889A1457292E781100725B82 /* Release */ = {
			isa = XCBuildConfiguration;
			buildSettings = {
				ALWAYS_SEARCH_USER_PATHS = NO;
				CLANG_ANALYZER_NONNULL = YES;
				CLANG_ANALYZER_NUMBER_OBJECT_CONVERSION = YES_AGGRESSIVE;
				CLANG_CXX_LANGUAGE_STANDARD = "gnu++20";
				CLANG_ENABLE_MODULES = YES;
				CLANG_ENABLE_OBJC_ARC = YES;
				CLANG_ENABLE_OBJC_WEAK = YES;
				CLANG_WARN_BLOCK_CAPTURE_AUTORELEASING = YES;
				CLANG_WARN_BOOL_CONVERSION = YES;
				CLANG_WARN_COMMA = YES;
				CLANG_WARN_CONSTANT_CONVERSION = YES;
				CLANG_WARN_DEPRECATED_OBJC_IMPLEMENTATIONS = YES;
				CLANG_WARN_DIRECT_OBJC_ISA_USAGE = YES_ERROR;
				CLANG_WARN_DOCUMENTATION_COMMENTS = YES;
				CLANG_WARN_EMPTY_BODY = YES;
				CLANG_WARN_ENUM_CONVERSION = YES;
				CLANG_WARN_INFINITE_RECURSION = YES;
				CLANG_WARN_INT_CONVERSION = YES;
				CLANG_WARN_NON_LITERAL_NULL_CONVERSION = YES;
				CLANG_WARN_OBJC_IMPLICIT_RETAIN_SELF = YES;
				CLANG_WARN_OBJC_LITERAL_CONVERSION = YES;
				CLANG_WARN_OBJC_ROOT_CLASS = YES_ERROR;
				CLANG_WARN_QUOTED_INCLUDE_IN_FRAMEWORK_HEADER = YES;
				CLANG_WARN_RANGE_LOOP_ANALYSIS = YES;
				CLANG_WARN_STRICT_PROTOTYPES = YES;
				CLANG_WARN_SUSPICIOUS_MOVE = YES;
				CLANG_WARN_UNGUARDED_AVAILABILITY = YES_AGGRESSIVE;
				CLANG_WARN_UNREACHABLE_CODE = YES;
				CLANG_WARN__DUPLICATE_METHOD_MATCH = YES;
				COPY_PHASE_STRIP = NO;
				DEBUG_INFORMATION_FORMAT = "dwarf-with-dsym";
				ENABLE_NS_ASSERTIONS = NO;
				ENABLE_STRICT_OBJC_MSGSEND = YES;
				GCC_C_LANGUAGE_STANDARD = gnu11;
				GCC_NO_COMMON_BLOCKS = YES;
				GCC_WARN_64_TO_32_BIT_CONVERSION = YES;
				GCC_WARN_ABOUT_RETURN_TYPE = YES_ERROR;
				GCC_WARN_UNDECLARED_SELECTOR = YES;
				GCC_WARN_UNINITIALIZED_AUTOS = YES_AGGRESSIVE;
				GCC_WARN_UNUSED_FUNCTION = YES;
				GCC_WARN_UNUSED_VARIABLE = YES;
				IPHONEOS_DEPLOYMENT_TARGET = 16.1;
				MTL_ENABLE_DEBUG_INFO = NO;
				MTL_FAST_MATH = YES;
				SDKROOT = iphoneos;
				SWIFT_COMPILATION_MODE = wholemodule;
				SWIFT_OPTIMIZATION_LEVEL = "-O";
				VALIDATE_PRODUCT = YES;
			};
			name = Release;
		};
		889A1459292E781100725B82 /* Debug */ = {
			isa = XCBuildConfiguration;
			buildSettings = {
				ASSETCATALOG_COMPILER_APPICON_NAME = AppIcon;
				ASSETCATALOG_COMPILER_GLOBAL_ACCENT_COLOR_NAME = AccentColor;
				CODE_SIGN_STYLE = Automatic;
				CURRENT_PROJECT_VERSION = 1;
				DEVELOPMENT_ASSET_PATHS = "\"ShaBug/Preview Content\"";
				DEVELOPMENT_TEAM = AVG85342HW;
				ENABLE_PREVIEWS = YES;
				GENERATE_INFOPLIST_FILE = YES;
				INFOPLIST_KEY_NSCameraUsageDescription = "The camera is required to scan insects";
				INFOPLIST_KEY_UIApplicationSceneManifest_Generation = YES;
				INFOPLIST_KEY_UIApplicationSupportsIndirectInputEvents = YES;
				INFOPLIST_KEY_UILaunchScreen_Generation = YES;
				INFOPLIST_KEY_UISupportedInterfaceOrientations_iPad = "UIInterfaceOrientationPortrait UIInterfaceOrientationPortraitUpsideDown UIInterfaceOrientationLandscapeLeft UIInterfaceOrientationLandscapeRight";
				INFOPLIST_KEY_UISupportedInterfaceOrientations_iPhone = "UIInterfaceOrientationPortrait UIInterfaceOrientationLandscapeLeft UIInterfaceOrientationLandscapeRight";
				LD_RUNPATH_SEARCH_PATHS = (
					"$(inherited)",
					"@executable_path/Frameworks",
				);
				MARKETING_VERSION = 1.0;
				PRODUCT_BUNDLE_IDENTIFIER = "Pierpaolo-Siciliano.ShaBug";
				PRODUCT_NAME = "$(TARGET_NAME)";
				SWIFT_EMIT_LOC_STRINGS = YES;
				SWIFT_VERSION = 5.0;
				TARGETED_DEVICE_FAMILY = "1,2";
			};
			name = Debug;
		};
		889A145A292E781100725B82 /* Release */ = {
			isa = XCBuildConfiguration;
			buildSettings = {
				ASSETCATALOG_COMPILER_APPICON_NAME = AppIcon;
				ASSETCATALOG_COMPILER_GLOBAL_ACCENT_COLOR_NAME = AccentColor;
				CODE_SIGN_STYLE = Automatic;
				CURRENT_PROJECT_VERSION = 1;
				DEVELOPMENT_ASSET_PATHS = "\"ShaBug/Preview Content\"";
				DEVELOPMENT_TEAM = AVG85342HW;
				ENABLE_PREVIEWS = YES;
				GENERATE_INFOPLIST_FILE = YES;
				INFOPLIST_KEY_NSCameraUsageDescription = "The camera is required to scan insects";
				INFOPLIST_KEY_UIApplicationSceneManifest_Generation = YES;
				INFOPLIST_KEY_UIApplicationSupportsIndirectInputEvents = YES;
				INFOPLIST_KEY_UILaunchScreen_Generation = YES;
				INFOPLIST_KEY_UISupportedInterfaceOrientations_iPad = "UIInterfaceOrientationPortrait UIInterfaceOrientationPortraitUpsideDown UIInterfaceOrientationLandscapeLeft UIInterfaceOrientationLandscapeRight";
				INFOPLIST_KEY_UISupportedInterfaceOrientations_iPhone = "UIInterfaceOrientationPortrait UIInterfaceOrientationLandscapeLeft UIInterfaceOrientationLandscapeRight";
				LD_RUNPATH_SEARCH_PATHS = (
					"$(inherited)",
					"@executable_path/Frameworks",
				);
				MARKETING_VERSION = 1.0;
				PRODUCT_BUNDLE_IDENTIFIER = "Pierpaolo-Siciliano.ShaBug";
				PRODUCT_NAME = "$(TARGET_NAME)";
				SWIFT_EMIT_LOC_STRINGS = YES;
				SWIFT_VERSION = 5.0;
				TARGETED_DEVICE_FAMILY = "1,2";
			};
			name = Release;
		};
/* End XCBuildConfiguration section */

/* Begin XCConfigurationList section */
		889A1445292E781000725B82 /* Build configuration list for PBXProject "ShaBug" */ = {
			isa = XCConfigurationList;
			buildConfigurations = (
				889A1456292E781100725B82 /* Debug */,
				889A1457292E781100725B82 /* Release */,
			);
			defaultConfigurationIsVisible = 0;
			defaultConfigurationName = Release;
		};
		889A1458292E781100725B82 /* Build configuration list for PBXNativeTarget "ShaBug" */ = {
			isa = XCConfigurationList;
			buildConfigurations = (
				889A1459292E781100725B82 /* Debug */,
				889A145A292E781100725B82 /* Release */,
			);
			defaultConfigurationIsVisible = 0;
			defaultConfigurationName = Release;
		};
/* End XCConfigurationList section */
	};
	rootObject = 889A1442292E781000725B82 /* Project object */;
}
